
Microsoft Visual Studio Solution File, Format Version 12.00
# Visual Studio Version 16
VisualStudioVersion = 16.0.32002.261
MinimumVisualStudioVersion = 10.0.40219.1
Project("{FAE04EC0-301F-11D3-BF4B-00C04F79EFBC}") = "GitFun", "GitFun\GitFun.csproj", "{23F78A85-BC44-4541-8931-BEC5772544FB}"
EndProject
Global
	GlobalSection(SolutionConfigurationPlatforms) = preSolution
		Debug|Any CPU = Debug|Any CPU
		Release|Any CPU = Release|Any CPU
	EndGlobalSection
	GlobalSection(ProjectConfigurationPlatforms) = postSolution
		{23F78A85-BC44-4541-8931-BEC5772544FB}.Debug|Any CPU.ActiveCfg = Debug|Any CPU
		{23F78A85-BC44-4541-8931-BEC5772544FB}.Debug|Any CPU.Build.0 = Debug|Any CPU
		{23F78A85-BC44-4541-8931-BEC5772544FB}.Release|Any CPU.ActiveCfg = Release|Any CPU
		{23F78A85-BC44-4541-8931-BEC5772544FB}.Release|Any CPU.Build.0 = Release|Any CPU
	EndGlobalSection
	GlobalSection(SolutionProperties) = preSolution
		HideSolutionNode = FALSE
	EndGlobalSection
	GlobalSection(ExtensibilityGlobals) = postSolution
		SolutionGuid = {E5EA6C9E-665D-47FF-B041-4EB490BA1BC2}
	EndGlobalSection
EndGlobal
